
Microsoft Visual Studio Solution File, Format Version 12.00
# Visual Studio Version 16
VisualStudioVersion = 16.0.36128.20
MinimumVisualStudioVersion = 10.0.40219.1
Project("{FAE04EC0-301F-11D3-BF4B-00C04F79EFBC}") = "(Day-7 HandsOn)", "(Day-7 HandsOn)\(Day-7 HandsOn).csproj", "{4ED1F15B-51C7-4B18-B0D3-F92E363E5FDB}"
EndProject
Global
	GlobalSection(SolutionConfigurationPlatforms) = preSolution
		Debug|Any CPU = Debug|Any CPU
		Release|Any CPU = Release|Any CPU
	EndGlobalSection
	GlobalSection(ProjectConfigurationPlatforms) = postSolution
		{4ED1F15B-51C7-4B18-B0D3-F92E363E5FDB}.Debug|Any CPU.ActiveCfg = Debug|Any CPU
		{4ED1F15B-51C7-4B18-B0D3-F92E363E5FDB}.Debug|Any CPU.Build.0 = Debug|Any CPU
		{4ED1F15B-51C7-4B18-B0D3-F92E363E5FDB}.Release|Any CPU.ActiveCfg = Release|Any CPU
		{4ED1F15B-51C7-4B18-B0D3-F92E363E5FDB}.Release|Any CPU.Build.0 = Release|Any CPU
	EndGlobalSection
	GlobalSection(SolutionProperties) = preSolution
		HideSolutionNode = FALSE
	EndGlobalSection
	GlobalSection(ExtensibilityGlobals) = postSolution
		SolutionGuid = {F2F2DAC8-4C93-46FD-A0CB-B4D786A39A8B}
	EndGlobalSection
EndGlobal
