
Microsoft Visual Studio Solution File, Format Version 12.00
# Visual Studio Version 16
VisualStudioVersion = 16.0.36128.20
MinimumVisualStudioVersion = 10.0.40219.1
Project("{FAE04EC0-301F-11D3-BF4B-00C04F79EFBC}") = "Assignment7", "Assignment7\Assignment7.csproj", "{A04DF71B-27D9-4C21-9B3A-BA8097633F8A}"
EndProject
Project("{FAE04EC0-301F-11D3-BF4B-00C04F79EFBC}") = "TravelLibrary", "TravelLibrary\TravelLibrary.csproj", "{A03454DE-829A-41EC-9FC8-03663FBDD8AF}"
EndProject
Global
	GlobalSection(SolutionConfigurationPlatforms) = preSolution
		Debug|Any CPU = Debug|Any CPU
		Release|Any CPU = Release|Any CPU
	EndGlobalSection
	GlobalSection(ProjectConfigurationPlatforms) = postSolution
		{A04DF71B-27D9-4C21-9B3A-BA8097633F8A}.Debug|Any CPU.ActiveCfg = Debug|Any CPU
		{A04DF71B-27D9-4C21-9B3A-BA8097633F8A}.Debug|Any CPU.Build.0 = Debug|Any CPU
		{A04DF71B-27D9-4C21-9B3A-BA8097633F8A}.Release|Any CPU.ActiveCfg = Release|Any CPU
		{A04DF71B-27D9-4C21-9B3A-BA8097633F8A}.Release|Any CPU.Build.0 = Release|Any CPU
		{A03454DE-829A-41EC-9FC8-03663FBDD8AF}.Debug|Any CPU.ActiveCfg = Debug|Any CPU
		{A03454DE-829A-41EC-9FC8-03663FBDD8AF}.Debug|Any CPU.Build.0 = Debug|Any CPU
		{A03454DE-829A-41EC-9FC8-03663FBDD8AF}.Release|Any CPU.ActiveCfg = Release|Any CPU
		{A03454DE-829A-41EC-9FC8-03663FBDD8AF}.Release|Any CPU.Build.0 = Release|Any CPU
	EndGlobalSection
	GlobalSection(SolutionProperties) = preSolution
		HideSolutionNode = FALSE
	EndGlobalSection
	GlobalSection(ExtensibilityGlobals) = postSolution
		SolutionGuid = {EF4BE758-A76C-434B-A887-9A84C5035F47}
	EndGlobalSection
EndGlobal
