
Microsoft Visual Studio Solution File, Format Version 12.00
# Visual Studio Version 16
VisualStudioVersion = 16.0.36128.20
MinimumVisualStudioVersion = 10.0.40219.1
Project("{FAE04EC0-301F-11D3-BF4B-00C04F79EFBC}") = "Assingment2", "Assingment2\Assingment2.csproj", "{91C5477B-1906-4D8A-9309-799592F734F4}"
EndProject
Global
	GlobalSection(SolutionConfigurationPlatforms) = preSolution
		Debug|Any CPU = Debug|Any CPU
		Release|Any CPU = Release|Any CPU
	EndGlobalSection
	GlobalSection(ProjectConfigurationPlatforms) = postSolution
		{91C5477B-1906-4D8A-9309-799592F734F4}.Debug|Any CPU.ActiveCfg = Debug|Any CPU
		{91C5477B-1906-4D8A-9309-799592F734F4}.Debug|Any CPU.Build.0 = Debug|Any CPU
		{91C5477B-1906-4D8A-9309-799592F734F4}.Release|Any CPU.ActiveCfg = Release|Any CPU
		{91C5477B-1906-4D8A-9309-799592F734F4}.Release|Any CPU.Build.0 = Release|Any CPU
	EndGlobalSection
	GlobalSection(SolutionProperties) = preSolution
		HideSolutionNode = FALSE
	EndGlobalSection
	GlobalSection(ExtensibilityGlobals) = postSolution
		SolutionGuid = {EEE09341-1953-4387-A8AC-CC074B8B40AE}
	EndGlobalSection
EndGlobal
