
Microsoft Visual Studio Solution File, Format Version 12.00
# Visual Studio Version 16
VisualStudioVersion = 16.0.36128.20
MinimumVisualStudioVersion = 10.0.40219.1
Project("{FAE04EC0-301F-11D3-BF4B-00C04F79EFBC}") = "Linq_Questions", "Linq_Questions\Linq_Questions.csproj", "{0B9B8832-5DAC-432F-BA73-CBADBA0344E2}"
EndProject
Global
	GlobalSection(SolutionConfigurationPlatforms) = preSolution
		Debug|Any CPU = Debug|Any CPU
		Release|Any CPU = Release|Any CPU
	EndGlobalSection
	GlobalSection(ProjectConfigurationPlatforms) = postSolution
		{0B9B8832-5DAC-432F-BA73-CBADBA0344E2}.Debug|Any CPU.ActiveCfg = Debug|Any CPU
		{0B9B8832-5DAC-432F-BA73-CBADBA0344E2}.Debug|Any CPU.Build.0 = Debug|Any CPU
		{0B9B8832-5DAC-432F-BA73-CBADBA0344E2}.Release|Any CPU.ActiveCfg = Release|Any CPU
		{0B9B8832-5DAC-432F-BA73-CBADBA0344E2}.Release|Any CPU.Build.0 = Release|Any CPU
	EndGlobalSection
	GlobalSection(SolutionProperties) = preSolution
		HideSolutionNode = FALSE
	EndGlobalSection
	GlobalSection(ExtensibilityGlobals) = postSolution
		SolutionGuid = {B4CD2CC8-406C-42C2-8E8C-74ED960C53C9}
	EndGlobalSection
EndGlobal
