
Microsoft Visual Studio Solution File, Format Version 12.00
# Visual Studio Version 16
VisualStudioVersion = 16.0.36128.20
MinimumVisualStudioVersion = 10.0.40219.1
Project("{FAE04EC0-301F-11D3-BF4B-00C04F79EFBC}") = "Question_1", "Question_1\Question_1.csproj", "{F6BDD0C7-2F55-425F-A305-946B08137F32}"
EndProject
Global
	GlobalSection(SolutionConfigurationPlatforms) = preSolution
		Debug|Any CPU = Debug|Any CPU
		Release|Any CPU = Release|Any CPU
	EndGlobalSection
	GlobalSection(ProjectConfigurationPlatforms) = postSolution
		{F6BDD0C7-2F55-425F-A305-946B08137F32}.Debug|Any CPU.ActiveCfg = Debug|Any CPU
		{F6BDD0C7-2F55-425F-A305-946B08137F32}.Debug|Any CPU.Build.0 = Debug|Any CPU
		{F6BDD0C7-2F55-425F-A305-946B08137F32}.Release|Any CPU.ActiveCfg = Release|Any CPU
		{F6BDD0C7-2F55-425F-A305-946B08137F32}.Release|Any CPU.Build.0 = Release|Any CPU
	EndGlobalSection
	GlobalSection(SolutionProperties) = preSolution
		HideSolutionNode = FALSE
	EndGlobalSection
	GlobalSection(ExtensibilityGlobals) = postSolution
		SolutionGuid = {88A81B67-2FCB-4E2C-A64A-430588FAC1A4}
	EndGlobalSection
EndGlobal
